
Microsoft Visual Studio Solution File, Format Version 12.00
# Visual Studio Version 16
VisualStudioVersion = 16.0.29209.62
MinimumVisualStudioVersion = 10.0.40219.1
Project("{8BC9CEB8-8B4A-11D0-8D11-00A0C91BC942}") = "Lab_08(С++)", "Lab_08(С++)\Lab_08(С++).vcxproj", "{8FD241E5-F6B4-4F30-BEF4-7E81AAF13F07}"
EndProject
Global
	GlobalSection(SolutionConfigurationPlatforms) = preSolution
		Debug|x64 = Debug|x64
		Debug|x86 = Debug|x86
		Release|x64 = Release|x64
		Release|x86 = Release|x86
	EndGlobalSection
	GlobalSection(ProjectConfigurationPlatforms) = postSolution
		{8FD241E5-F6B4-4F30-BEF4-7E81AAF13F07}.Debug|x64.ActiveCfg = Debug|x64
		{8FD241E5-F6B4-4F30-BEF4-7E81AAF13F07}.Debug|x64.Build.0 = Debug|x64
		{8FD241E5-F6B4-4F30-BEF4-7E81AAF13F07}.Debug|x86.ActiveCfg = Debug|Win32
		{8FD241E5-F6B4-4F30-BEF4-7E81AAF13F07}.Debug|x86.Build.0 = Debug|Win32
		{8FD241E5-F6B4-4F30-BEF4-7E81AAF13F07}.Release|x64.ActiveCfg = Release|x64
		{8FD241E5-F6B4-4F30-BEF4-7E81AAF13F07}.Release|x64.Build.0 = Release|x64
		{8FD241E5-F6B4-4F30-BEF4-7E81AAF13F07}.Release|x86.ActiveCfg = Release|Win32
		{8FD241E5-F6B4-4F30-BEF4-7E81AAF13F07}.Release|x86.Build.0 = Release|Win32
	EndGlobalSection
	GlobalSection(SolutionProperties) = preSolution
		HideSolutionNode = FALSE
	EndGlobalSection
	GlobalSection(ExtensibilityGlobals) = postSolution
		SolutionGuid = {84A1C3BB-2DAC-4014-9288-C85624822A60}
	EndGlobalSection
EndGlobal
